github.com/vuppalac/spacelog v0.0.0-20200424072406-4fb5faab8caa h1:mF+sRB2jSpim+JvQathQNUf27op08UfnuRwa7h2e9yg=
github.com/vuppalac/spacelog v0.0.0-20200424072406-4fb5faab8caa/go.mod h1:u5xPipxiZsemylQ82rfaFPTD3YnRAbyxb14dbPYJtL8=
golang.org/x/sys v0.0.0-20200420163511-1957bb5e6d1f h1:gWF768j/LaZugp8dyS4UwsslYCYz9XgFxvlgsn0n9H8=
golang.org/x/sys v0.0.0-20200420163511-1957bb5e6d1f/go.mod h1:h1NjWce9XRLGQEsW7wpKNCjG9DtNlClVuFLEZdDNbEs=
