github.com/vuppalac/openssl/utils v0.0.0-20200424074916-1d2aabb463a9 h1:FE+YlPViXlV/9JzbTQmZKX1Qol9dNL7nr0VFmOuvTaE=
github.com/vuppalac/openssl/utils v0.0.0-20200424074916-1d2aabb463a9/go.mod h1:sGdRG6w3flBqIuryDAl7AGAOVnzI9+2SMZvIMzOk5m0=
github.com/vuppalac/spacelog v0.0.0-20200424072406-4fb5faab8caa h1:mF+sRB2jSpim+JvQathQNUf27op08UfnuRwa7h2e9yg=
github.com/vuppalac/spacelog v0.0.0-20200424072406-4fb5faab8caa/go.mod h1:u5xPipxiZsemylQ82rfaFPTD3YnRAbyxb14dbPYJtL8=
